
Microsoft Visual Studio Solution File, Format Version 12.00
# Visual Studio 2017
Project("{FAE04EC0-301F-11D3-BF4B-00C04F79EFBC}") = "[30-12-2017] Tower Defence", "[30-12-2017] Tower Defence.csproj", "{DD21FCD3-DDF1-8B90-4036-53E319F2944F}"
EndProject
Global
	GlobalSection(SolutionConfigurationPlatforms) = preSolution
		Debug|Any CPU = Debug|Any CPU
		Release|Any CPU = Release|Any CPU
	EndGlobalSection
	GlobalSection(ProjectConfigurationPlatforms) = postSolution
		{DD21FCD3-DDF1-8B90-4036-53E319F2944F}.Debug|Any CPU.ActiveCfg = Debug|Any CPU
		{DD21FCD3-DDF1-8B90-4036-53E319F2944F}.Debug|Any CPU.Build.0 = Debug|Any CPU
		{DD21FCD3-DDF1-8B90-4036-53E319F2944F}.Release|Any CPU.ActiveCfg = Release|Any CPU
		{DD21FCD3-DDF1-8B90-4036-53E319F2944F}.Release|Any CPU.Build.0 = Release|Any CPU
	EndGlobalSection
	GlobalSection(SolutionProperties) = preSolution
		HideSolutionNode = FALSE
	EndGlobalSection
EndGlobal
