
Microsoft Visual Studio Solution File, Format Version 11.00
# Visual Studio 2010
Project("{FAE04EC0-301F-11D3-BF4B-00C04F79EFBC}") = "Tower Defence tutorial", "Assembly-CSharp.csproj", "{232F2D8B-F8DF-AFB7-E3AB-6E4B06B582B3}"
EndProject
Global
	GlobalSection(SolutionConfigurationPlatforms) = preSolution
		Debug|Any CPU = Debug|Any CPU
		Release|Any CPU = Release|Any CPU
	EndGlobalSection
	GlobalSection(ProjectConfigurationPlatforms) = postSolution
		{232F2D8B-F8DF-AFB7-E3AB-6E4B06B582B3}.Debug|Any CPU.ActiveCfg = Debug|Any CPU
		{232F2D8B-F8DF-AFB7-E3AB-6E4B06B582B3}.Debug|Any CPU.Build.0 = Debug|Any CPU
		{232F2D8B-F8DF-AFB7-E3AB-6E4B06B582B3}.Release|Any CPU.ActiveCfg = Release|Any CPU
		{232F2D8B-F8DF-AFB7-E3AB-6E4B06B582B3}.Release|Any CPU.Build.0 = Release|Any CPU
	EndGlobalSection
	GlobalSection(SolutionProperties) = preSolution
		HideSolutionNode = FALSE
	EndGlobalSection
	GlobalSection(MonoDevelopProperties) = preSolution
		StartupItem = Assembly-CSharp.csproj
	EndGlobalSection
EndGlobal
